
Microsoft Visual Studio Solution File, Format Version 12.00
# Visual Studio Version 17
VisualStudioVersion = 17.3.32825.248
MinimumVisualStudioVersion = 10.0.40219.1
Project("{FAE04EC0-301F-11D3-BF4B-00C04F79EFBC}") = "CAML", "CAML\CAML.csproj", "{FE4B83B8-A54F-42F1-A662-63BD1EF75384}"
EndProject
Global
	GlobalSection(SolutionConfigurationPlatforms) = preSolution
		Debug|Any CPU = Debug|Any CPU
		Release|Any CPU = Release|Any CPU
	EndGlobalSection
	GlobalSection(ProjectConfigurationPlatforms) = postSolution
		{FE4B83B8-A54F-42F1-A662-63BD1EF75384}.Debug|Any CPU.ActiveCfg = Debug|Any CPU
		{FE4B83B8-A54F-42F1-A662-63BD1EF75384}.Debug|Any CPU.Build.0 = Debug|Any CPU
		{FE4B83B8-A54F-42F1-A662-63BD1EF75384}.Release|Any CPU.ActiveCfg = Release|Any CPU
		{FE4B83B8-A54F-42F1-A662-63BD1EF75384}.Release|Any CPU.Build.0 = Release|Any CPU
	EndGlobalSection
	GlobalSection(SolutionProperties) = preSolution
		HideSolutionNode = FALSE
	EndGlobalSection
	GlobalSection(ExtensibilityGlobals) = postSolution
		SolutionGuid = {C6479681-4768-4A5A-A046-1F4C0340022A}
	EndGlobalSection
EndGlobal
